
Microsoft Visual Studio Solution File, Format Version 12.00
# Visual Studio Version 16
VisualStudioVersion = 16.0.30011.22
MinimumVisualStudioVersion = 10.0.40219.1
Project("{2150E333-8FDC-42A3-9474-1A3956D46DE8}") = "CPP", "CPP", "{B74BC22E-ED46-4F14-BB5E-A880C0E34CEA}"
EndProject
Project("{8BC9CEB8-8B4A-11D0-8D11-00A0C91BC942}") = "PokeReg", "CPP\PokeReg\PokeReg\PokeReg.vcxproj", "{01197D48-EBD2-4842-8C1A-A63262127F52}"
EndProject
Project("{8BC9CEB8-8B4A-11D0-8D11-00A0C91BC942}") = "PokeSvc", "CPP\PokeSvc\PokeSvc\PokeSvc.vcxproj", "{38E05F8E-0651-4729-9CD7-DB04979D882A}"
EndProject
Project("{2150E333-8FDC-42A3-9474-1A3956D46DE8}") = "CS", "CS", "{0D902DEE-CF9A-4344-852D-79D2E4F06F63}"
EndProject
Project("{FAE04EC0-301F-11D3-BF4B-00C04F79EFBC}") = "SvnPCHook", "CS\SvnPCHook\SvnPCHook\SvnPCHook.csproj", "{77C401BC-738A-4B65-86DE-9F188DAC8156}"
EndProject
Project("{FAE04EC0-301F-11D3-BF4B-00C04F79EFBC}") = "TrX", "CS\TrX\TrX\TrX.csproj", "{4524CD47-DA5A-4BCB-8032-4799D5E2CE33}"
EndProject
Project("{FAE04EC0-301F-11D3-BF4B-00C04F79EFBC}") = "UpNRun", "CS\UpNRun\UpNRun\UpNRun.csproj", "{7EBD035E-F467-4F01-918E-9CFFA122B8FE}"
EndProject
Project("{8BC9CEB8-8B4A-11D0-8D11-00A0C91BC942}") = "BuildAll", "BuildAll\BuildAll.vcxproj", "{DAF9C481-8FA1-443B-ABA6-0297AA4BC716}"
	ProjectSection(ProjectDependencies) = postProject
		{4524CD47-DA5A-4BCB-8032-4799D5E2CE33} = {4524CD47-DA5A-4BCB-8032-4799D5E2CE33}
		{01197D48-EBD2-4842-8C1A-A63262127F52} = {01197D48-EBD2-4842-8C1A-A63262127F52}
		{7EBD035E-F467-4F01-918E-9CFFA122B8FE} = {7EBD035E-F467-4F01-918E-9CFFA122B8FE}
		{38E05F8E-0651-4729-9CD7-DB04979D882A} = {38E05F8E-0651-4729-9CD7-DB04979D882A}
		{77C401BC-738A-4B65-86DE-9F188DAC8156} = {77C401BC-738A-4B65-86DE-9F188DAC8156}
	EndProjectSection
EndProject
Global
	GlobalSection(SolutionConfigurationPlatforms) = preSolution
		Debug|x86 = Debug|x86
		Release|x86 = Release|x86
	EndGlobalSection
	GlobalSection(ProjectConfigurationPlatforms) = postSolution
		{01197D48-EBD2-4842-8C1A-A63262127F52}.Debug|x86.ActiveCfg = Debug|Win32
		{01197D48-EBD2-4842-8C1A-A63262127F52}.Debug|x86.Build.0 = Debug|Win32
		{01197D48-EBD2-4842-8C1A-A63262127F52}.Release|x86.ActiveCfg = Release|Win32
		{01197D48-EBD2-4842-8C1A-A63262127F52}.Release|x86.Build.0 = Release|Win32
		{38E05F8E-0651-4729-9CD7-DB04979D882A}.Debug|x86.ActiveCfg = Debug|Win32
		{38E05F8E-0651-4729-9CD7-DB04979D882A}.Debug|x86.Build.0 = Debug|Win32
		{38E05F8E-0651-4729-9CD7-DB04979D882A}.Release|x86.ActiveCfg = Release|Win32
		{38E05F8E-0651-4729-9CD7-DB04979D882A}.Release|x86.Build.0 = Release|Win32
		{77C401BC-738A-4B65-86DE-9F188DAC8156}.Debug|x86.ActiveCfg = Debug|x86
		{77C401BC-738A-4B65-86DE-9F188DAC8156}.Debug|x86.Build.0 = Debug|x86
		{77C401BC-738A-4B65-86DE-9F188DAC8156}.Release|x86.ActiveCfg = Release|x86
		{77C401BC-738A-4B65-86DE-9F188DAC8156}.Release|x86.Build.0 = Release|x86
		{4524CD47-DA5A-4BCB-8032-4799D5E2CE33}.Debug|x86.ActiveCfg = Debug|x86
		{4524CD47-DA5A-4BCB-8032-4799D5E2CE33}.Debug|x86.Build.0 = Debug|x86
		{4524CD47-DA5A-4BCB-8032-4799D5E2CE33}.Release|x86.ActiveCfg = Release|x86
		{4524CD47-DA5A-4BCB-8032-4799D5E2CE33}.Release|x86.Build.0 = Release|x86
		{7EBD035E-F467-4F01-918E-9CFFA122B8FE}.Debug|x86.ActiveCfg = Debug|x86
		{7EBD035E-F467-4F01-918E-9CFFA122B8FE}.Debug|x86.Build.0 = Debug|x86
		{7EBD035E-F467-4F01-918E-9CFFA122B8FE}.Release|x86.ActiveCfg = Release|x86
		{7EBD035E-F467-4F01-918E-9CFFA122B8FE}.Release|x86.Build.0 = Release|x86
		{DAF9C481-8FA1-443B-ABA6-0297AA4BC716}.Debug|x86.ActiveCfg = Debug|Win32
		{DAF9C481-8FA1-443B-ABA6-0297AA4BC716}.Debug|x86.Build.0 = Debug|Win32
		{DAF9C481-8FA1-443B-ABA6-0297AA4BC716}.Release|x86.ActiveCfg = Release|Win32
		{DAF9C481-8FA1-443B-ABA6-0297AA4BC716}.Release|x86.Build.0 = Release|Win32
	EndGlobalSection
	GlobalSection(SolutionProperties) = preSolution
		HideSolutionNode = FALSE
	EndGlobalSection
	GlobalSection(NestedProjects) = preSolution
		{01197D48-EBD2-4842-8C1A-A63262127F52} = {B74BC22E-ED46-4F14-BB5E-A880C0E34CEA}
		{38E05F8E-0651-4729-9CD7-DB04979D882A} = {B74BC22E-ED46-4F14-BB5E-A880C0E34CEA}
		{77C401BC-738A-4B65-86DE-9F188DAC8156} = {0D902DEE-CF9A-4344-852D-79D2E4F06F63}
		{4524CD47-DA5A-4BCB-8032-4799D5E2CE33} = {0D902DEE-CF9A-4344-852D-79D2E4F06F63}
		{7EBD035E-F467-4F01-918E-9CFFA122B8FE} = {0D902DEE-CF9A-4344-852D-79D2E4F06F63}
	EndGlobalSection
	GlobalSection(ExtensibilityGlobals) = postSolution
		SolutionGuid = {2253C1A1-501C-434A-990E-412EB4EBBC28}
	EndGlobalSection
EndGlobal
