
Microsoft Visual Studio Solution File, Format Version 11.00
# Visual Studio 2010
Project("{FAE04EC0-301F-11D3-BF4B-00C04F79EFBC}") = "SvnPCHook", "SvnPCHook\SvnPCHook.csproj", "{77C401BC-738A-4B65-86DE-9F188DAC8156}"
EndProject
Global
	GlobalSection(SolutionConfigurationPlatforms) = preSolution
		Debug|Any CPU = Debug|Any CPU
		Release|Any CPU = Release|Any CPU
	EndGlobalSection
	GlobalSection(ProjectConfigurationPlatforms) = postSolution
		{77C401BC-738A-4B65-86DE-9F188DAC8156}.Debug|Any CPU.ActiveCfg = Debug|x86
		{77C401BC-738A-4B65-86DE-9F188DAC8156}.Debug|Any CPU.Build.0 = Debug|x86
		{77C401BC-738A-4B65-86DE-9F188DAC8156}.Release|Any CPU.ActiveCfg = Release|x86
		{77C401BC-738A-4B65-86DE-9F188DAC8156}.Release|Any CPU.Build.0 = Release|x86
	EndGlobalSection
	GlobalSection(SolutionProperties) = preSolution
		HideSolutionNode = FALSE
	EndGlobalSection
EndGlobal
